
Microsoft Visual Studio Solution File, Format Version 12.00
# Visual Studio Version 16
VisualStudioVersion = 25.0.1706.14
MinimumVisualStudioVersion = 10.0.40219.1
Project("{2150E333-8FDC-42A3-9474-1A3956D46DE8}") = "Core", "Core", "{0E7DBAE5-2CAA-4444-ACEA-FDA6D49EA000}"
EndProject
Project("{2150E333-8FDC-42A3-9474-1A3956D46DE8}") = "Infrastructure", "Infrastructure", "{5C84FCB2-4A96-43F1-905A-BC8919756E5B}"
EndProject
Project("{2150E333-8FDC-42A3-9474-1A3956D46DE8}") = "Presentation", "Presentation", "{388C39BD-C0F3-497F-8F93-6B6A81DAC11F}"
EndProject
Project("{FAE04EC0-301F-11D3-BF4B-00C04F79EFBC}") = "Whysap.Domain", "Core\Whysap.Domain\Whysap.Domain.csproj", "{897EF9B8-786B-4E98-8E7F-947EB331BDFB}"
EndProject
Project("{FAE04EC0-301F-11D3-BF4B-00C04F79EFBC}") = "Whysap.Application", "Core\Whysap.Application\Whysap.Application.csproj", "{6E572539-8CEC-4660-AF7B-440FAAF696EE}"
EndProject
Project("{FAE04EC0-301F-11D3-BF4B-00C04F79EFBC}") = "Whysap.Infrastructure", "Infrastructure\Whysap.Infrastructure\Whysap.Infrastructure.csproj", "{82226D96-583B-416F-8BBA-5774004B00EC}"
EndProject
Project("{FAE04EC0-301F-11D3-BF4B-00C04F79EFBC}") = "Whysap.Persistence", "Infrastructure\Whysap.Persistence\Whysap.Persistence.csproj", "{F39F36D6-8573-4983-9CC7-148794211569}"
EndProject
Project("{FAE04EC0-301F-11D3-BF4B-00C04F79EFBC}") = "Whysap.API", "Presentation\Whysap.API\Whysap.API.csproj", "{A08F7317-58F0-4F37-A92F-4FFCFC85938F}"
EndProject
Global
	GlobalSection(SolutionConfigurationPlatforms) = preSolution
		Debug|Any CPU = Debug|Any CPU
		Release|Any CPU = Release|Any CPU
	EndGlobalSection
	GlobalSection(ProjectConfigurationPlatforms) = postSolution
		{897EF9B8-786B-4E98-8E7F-947EB331BDFB}.Debug|Any CPU.ActiveCfg = Debug|Any CPU
		{897EF9B8-786B-4E98-8E7F-947EB331BDFB}.Debug|Any CPU.Build.0 = Debug|Any CPU
		{897EF9B8-786B-4E98-8E7F-947EB331BDFB}.Release|Any CPU.ActiveCfg = Release|Any CPU
		{897EF9B8-786B-4E98-8E7F-947EB331BDFB}.Release|Any CPU.Build.0 = Release|Any CPU
		{6E572539-8CEC-4660-AF7B-440FAAF696EE}.Debug|Any CPU.ActiveCfg = Debug|Any CPU
		{6E572539-8CEC-4660-AF7B-440FAAF696EE}.Debug|Any CPU.Build.0 = Debug|Any CPU
		{6E572539-8CEC-4660-AF7B-440FAAF696EE}.Release|Any CPU.ActiveCfg = Release|Any CPU
		{6E572539-8CEC-4660-AF7B-440FAAF696EE}.Release|Any CPU.Build.0 = Release|Any CPU
		{82226D96-583B-416F-8BBA-5774004B00EC}.Debug|Any CPU.ActiveCfg = Debug|Any CPU
		{82226D96-583B-416F-8BBA-5774004B00EC}.Debug|Any CPU.Build.0 = Debug|Any CPU
		{82226D96-583B-416F-8BBA-5774004B00EC}.Release|Any CPU.ActiveCfg = Release|Any CPU
		{82226D96-583B-416F-8BBA-5774004B00EC}.Release|Any CPU.Build.0 = Release|Any CPU
		{F39F36D6-8573-4983-9CC7-148794211569}.Debug|Any CPU.ActiveCfg = Debug|Any CPU
		{F39F36D6-8573-4983-9CC7-148794211569}.Debug|Any CPU.Build.0 = Debug|Any CPU
		{F39F36D6-8573-4983-9CC7-148794211569}.Release|Any CPU.ActiveCfg = Release|Any CPU
		{F39F36D6-8573-4983-9CC7-148794211569}.Release|Any CPU.Build.0 = Release|Any CPU
		{A08F7317-58F0-4F37-A92F-4FFCFC85938F}.Debug|Any CPU.ActiveCfg = Debug|Any CPU
		{A08F7317-58F0-4F37-A92F-4FFCFC85938F}.Debug|Any CPU.Build.0 = Debug|Any CPU
		{A08F7317-58F0-4F37-A92F-4FFCFC85938F}.Release|Any CPU.ActiveCfg = Release|Any CPU
		{A08F7317-58F0-4F37-A92F-4FFCFC85938F}.Release|Any CPU.Build.0 = Release|Any CPU
	EndGlobalSection
	GlobalSection(SolutionProperties) = preSolution
		HideSolutionNode = FALSE
	EndGlobalSection
	GlobalSection(ExtensibilityGlobals) = postSolution
		SolutionGuid = {A6AB412C-6F08-467B-B164-B3015601657B}
	EndGlobalSection
	GlobalSection(NestedProjects) = preSolution
		{897EF9B8-786B-4E98-8E7F-947EB331BDFB} = {0E7DBAE5-2CAA-4444-ACEA-FDA6D49EA000}
		{6E572539-8CEC-4660-AF7B-440FAAF696EE} = {0E7DBAE5-2CAA-4444-ACEA-FDA6D49EA000}
		{82226D96-583B-416F-8BBA-5774004B00EC} = {5C84FCB2-4A96-43F1-905A-BC8919756E5B}
		{F39F36D6-8573-4983-9CC7-148794211569} = {5C84FCB2-4A96-43F1-905A-BC8919756E5B}
		{A08F7317-58F0-4F37-A92F-4FFCFC85938F} = {388C39BD-C0F3-497F-8F93-6B6A81DAC11F}
	EndGlobalSection
EndGlobal
